<?xml version="1.0" encoding="utf-8"?>
<Project ToolsVersion="4.0" xmlns="http://schemas.microsoft.com/developer/msbuild/2003">
  <ItemGroup>
    <Filter Include="src">
      <UniqueIdentifier>{3e6e383a-686f-4baa-9097-7b6552a94df7}</UniqueIdentifier>
    </Filter>
  </ItemGroup>
  <ItemGroup>
    <ClCompile Include="src\main.cpp">
      <Filter>src</Filter>
    </ClCompile>
    <ClCompile Include="src\Scene.cpp">
      <Filter>src</Filter>
    </ClCompile>
    <ClCompile Include="src\Chunk.cpp">
      <Filter>src</Filter>
    </ClCompile>
    <ClCompile Include="src\BlockManager.cpp">
      <Filter>src</Filter>
    </ClCompile>
    <ClCompile Include="src\Renderer.cpp">
      <Filter>src</Filter>
    </ClCompile>
  </ItemGroup>
  <ItemGroup>
    <ClInclude Include="src\Scene.hpp">
      <Filter>src</Filter>
    </ClInclude>
    <ClInclude Include="src\Chunk.hpp">
      <Filter>src</Filter>
    </ClInclude>
    <ClInclude Include="src\BlockManager.hpp">
      <Filter>src</Filter>
    </ClInclude>
    <ClInclude Include="src\Renderer.hpp">
      <Filter>src</Filter>
    </ClInclude>
  </ItemGroup>
</Project>